# This file is autogenerated, do not edit; changes may be undone by the next 'dep ensure'.


[[projects]]
  name = "github.com/graphql-go/graphql"
  packages = [
    ".",
    "gqlerrors",
    "language/ast",
    "language/kinds",
    "language/lexer",
    "language/location",
    "language/parser",
    "language/printer",
    "language/source",
    "language/typeInfo",
    "language/visitor"
  ]
  revision = "0c7d73fea519ce6751ecb4d5835c5a87a384cf6c"
  version = "v0.7.3"

[[projects]]
  name = "github.com/graphql-go/handler"
  packages = ["."]
  revision = "f0393b2c10daeebea900292b8e092e73475399d9"
  version = "v0.2.1"

[solve-meta]
  analyzer-name = "dep"
  analyzer-version = 1
  inputs-digest = "c0fb332ce1de097252b8208fc1d48b34f107f157d2033fd5a07266bb5c50c3bf"
  solver-name = "gps-cdcl"
  solver-version = 1
